// !$*UTF8*$!
{
	archiveVersion = 1;
	classes = {
	};
	objectVersion = 56;
	objects = {

/* Begin PBXBuildFile section */
		50232F2929F4DE71CF37FE35 /* Pods_POCUIKitTests.framework in Frameworks */ = {isa = PBXBuildFile; fileRef = 31EC00F871BABF9C880B4FB0 /* Pods_POCUIKitTests.framework */; };
		521463852D37DF970052C22E /* AppDelegate.swift in Sources */ = {isa = PBXBuildFile; fileRef = 521463842D37DF970052C22E /* AppDelegate.swift */; };
		521463872D37DF970052C22E /* SceneDelegate.swift in Sources */ = {isa = PBXBuildFile; fileRef = 521463862D37DF970052C22E /* SceneDelegate.swift */; };
		5214638C2D37DF970052C22E /* Base in Resources */ = {isa = PBXBuildFile; fileRef = 5214638B2D37DF970052C22E /* Base */; };
		5214638E2D37DF980052C22E /* Assets.xcassets in Resources */ = {isa = PBXBuildFile; fileRef = 5214638D2D37DF980052C22E /* Assets.xcassets */; };
		521463912D37DF980052C22E /* Base in Resources */ = {isa = PBXBuildFile; fileRef = 521463902D37DF980052C22E /* Base */; };
		5214639C2D37DF980052C22E /* POCUIKitTests.swift in Sources */ = {isa = PBXBuildFile; fileRef = 5214639B2D37DF980052C22E /* POCUIKitTests.swift */; };
		521463A62D37DF980052C22E /* POCUIKitUITests.swift in Sources */ = {isa = PBXBuildFile; fileRef = 521463A52D37DF980052C22E /* POCUIKitUITests.swift */; };
		521463A82D37DF980052C22E /* POCUIKitUITestsLaunchTests.swift in Sources */ = {isa = PBXBuildFile; fileRef = 521463A72D37DF980052C22E /* POCUIKitUITestsLaunchTests.swift */; };
		521463BD2D37DFD20052C22E /* POCUIKitApp.docc in Sources */ = {isa = PBXBuildFile; fileRef = 521463BC2D37DFD20052C22E /* POCUIKitApp.docc */; };
		521463C32D37DFD20052C22E /* POCUIKitApp.framework in Frameworks */ = {isa = PBXBuildFile; fileRef = 521463B92D37DFD20052C22E /* POCUIKitApp.framework */; };
		521463CA2D37DFD20052C22E /* POCUIKitAppTests.swift in Sources */ = {isa = PBXBuildFile; fileRef = 521463C92D37DFD20052C22E /* POCUIKitAppTests.swift */; };
		521463CE2D37DFD20052C22E /* POCUIKitApp.framework in Frameworks */ = {isa = PBXBuildFile; fileRef = 521463B92D37DFD20052C22E /* POCUIKitApp.framework */; };
		521463CF2D37DFD20052C22E /* POCUIKitApp.framework in Embed Frameworks */ = {isa = PBXBuildFile; fileRef = 521463B92D37DFD20052C22E /* POCUIKitApp.framework */; settings = {ATTRIBUTES = (CodeSignOnCopy, RemoveHeadersOnCopy, ); }; };
		521463F92D37E39C0052C22E /* DSWaitingScreenViewController.swift in Sources */ = {isa = PBXBuildFile; fileRef = 521463D72D37E39C0052C22E /* DSWaitingScreenViewController.swift */; };
		521463FA2D37E39C0052C22E /* DSWaitingScreenAccessibility.swift in Sources */ = {isa = PBXBuildFile; fileRef = 521463D92D37E39C0052C22E /* DSWaitingScreenAccessibility.swift */; };
		521463FB2D37E39C0052C22E /* DSWaitingScreenDelegate.swift in Sources */ = {isa = PBXBuildFile; fileRef = 521463DA2D37E39C0052C22E /* DSWaitingScreenDelegate.swift */; };
		521463FC2D37E39C0052C22E /* DSWaitingScreenInterface.swift in Sources */ = {isa = PBXBuildFile; fileRef = 521463DB2D37E39C0052C22E /* DSWaitingScreenInterface.swift */; };
		521463FD2D37E39C0052C22E /* DSWaitingScreenViewModel.swift in Sources */ = {isa = PBXBuildFile; fileRef = 521463DC2D37E39C0052C22E /* DSWaitingScreenViewModel.swift */; };
		521463FE2D37E39C0052C22E /* WaitingScreenMediaView.swift in Sources */ = {isa = PBXBuildFile; fileRef = 521463DE2D37E39C0052C22E /* WaitingScreenMediaView.swift */; };
		521463FF2D37E39C0052C22E /* DSWaitingScreen.swift in Sources */ = {isa = PBXBuildFile; fileRef = 521463E02D37E39C0052C22E /* DSWaitingScreen.swift */; };
		521464002D37E39C0052C22E /* UIImageViewExtension.swift in Sources */ = {isa = PBXBuildFile; fileRef = 521463E32D37E39C0052C22E /* UIImageViewExtension.swift */; };
		521464012D37E39C0052C22E /* UIStackViewExtension.swift in Sources */ = {isa = PBXBuildFile; fileRef = 521463E42D37E39C0052C22E /* UIStackViewExtension.swift */; };
		521464022D37E39C0052C22E /* UIViewExtension.swift in Sources */ = {isa = PBXBuildFile; fileRef = 521463E52D37E39C0052C22E /* UIViewExtension.swift */; };
		521464032D37E39C0052C22E /* KcsUIKitFlowViewController.swift in Sources */ = {isa = PBXBuildFile; fileRef = 521463E72D37E39C0052C22E /* KcsUIKitFlowViewController.swift */; };
		521464042D37E39C0052C22E /* KcsUIKitFlowViewController.xib in Resources */ = {isa = PBXBuildFile; fileRef = 521463E82D37E39C0052C22E /* KcsUIKitFlowViewController.xib */; };
		521464052D37E39C0052C22E /* KcsLandingViewController.swift in Sources */ = {isa = PBXBuildFile; fileRef = 521463EA2D37E39C0052C22E /* KcsLandingViewController.swift */; };
		521464062D37E39C0052C22E /* KcsLandingViewController.xib in Resources */ = {isa = PBXBuildFile; fileRef = 521463EB2D37E39C0052C22E /* KcsLandingViewController.xib */; };
		521464072D37E39C0052C22E /* KcsWaitingScreenEntryPointViewController.swift in Sources */ = {isa = PBXBuildFile; fileRef = 521463ED2D37E39C0052C22E /* KcsWaitingScreenEntryPointViewController.swift */; };
		521464082D37E39C0052C22E /* KcsWaitingScreenEntryPointViewController.xib in Resources */ = {isa = PBXBuildFile; fileRef = 521463EE2D37E39C0052C22E /* KcsWaitingScreenEntryPointViewController.xib */; };
		521464092D37E39C0052C22E /* KcsWaitingScreenViewController.swift in Sources */ = {isa = PBXBuildFile; fileRef = 521463EF2D37E39C0052C22E /* KcsWaitingScreenViewController.swift */; };
		5214640A2D37E39C0052C22E /* KcsWaitingScreenViewController.xib in Resources */ = {isa = PBXBuildFile; fileRef = 521463F02D37E39C0052C22E /* KcsWaitingScreenViewController.xib */; };
		5214640B2D37E39C0052C22E /* KitchenSinkNavigationView.swift in Sources */ = {isa = PBXBuildFile; fileRef = 521463F22D37E39C0052C22E /* KitchenSinkNavigationView.swift */; };
		5214640C2D37E39C0052C22E /* KitchenSinkNavigationView.xib in Resources */ = {isa = PBXBuildFile; fileRef = 521463F32D37E39C0052C22E /* KitchenSinkNavigationView.xib */; };
		5214640D2D37E39C0052C22E /* UIKitViewController.swift in Sources */ = {isa = PBXBuildFile; fileRef = 521463F62D37E39C0052C22E /* UIKitViewController.swift */; };
		52FA1BAF2D389F520004C288 /* POCUIKitApp.h in Headers */ = {isa = PBXBuildFile; fileRef = 521463BB2D37DFD20052C22E /* POCUIKitApp.h */; settings = {ATTRIBUTES = (Public, ); }; };
		73C4B9DE5B881CFF12F2E02A /* Pods_POCUIKit_POCUIKitUITests.framework in Frameworks */ = {isa = PBXBuildFile; fileRef = 83D80936E7B5902A4F17907B /* Pods_POCUIKit_POCUIKitUITests.framework */; };
		B717D84530FC150203843BB9 /* Pods_POCUIKitAppTests.framework in Frameworks */ = {isa = PBXBuildFile; fileRef = F25B08E186019B9723A8E798 /* Pods_POCUIKitAppTests.framework */; };
		D3B79B4AB38AE17C65E5BEB4 /* Pods_POCUIKit.framework in Frameworks */ = {isa = PBXBuildFile; fileRef = 7D57E907FB50F5CC74F3EEEB /* Pods_POCUIKit.framework */; };
		F69976AD29D3863B654DA4A4 /* Pods_POCUIKitApp.framework in Frameworks */ = {isa = PBXBuildFile; fileRef = 9F8EA79914831E6B98AB4C08 /* Pods_POCUIKitApp.framework */; };
/* End PBXBuildFile section */

/* Begin PBXContainerItemProxy section */
		521463982D37DF980052C22E /* PBXContainerItemProxy */ = {
			isa = PBXContainerItemProxy;
			containerPortal = 521463792D37DF970052C22E /* Project object */;
			proxyType = 1;
			remoteGlobalIDString = 521463802D37DF970052C22E;
			remoteInfo = POCUIKit;
		};
		521463A22D37DF980052C22E /* PBXContainerItemProxy */ = {
			isa = PBXContainerItemProxy;
			containerPortal = 521463792D37DF970052C22E /* Project object */;
			proxyType = 1;
			remoteGlobalIDString = 521463802D37DF970052C22E;
			remoteInfo = POCUIKit;
		};
		521463C42D37DFD20052C22E /* PBXContainerItemProxy */ = {
			isa = PBXContainerItemProxy;
			containerPortal = 521463792D37DF970052C22E /* Project object */;
			proxyType = 1;
			remoteGlobalIDString = 521463B82D37DFD20052C22E;
			remoteInfo = POCUIKitApp;
		};
		521463C62D37DFD20052C22E /* PBXContainerItemProxy */ = {
			isa = PBXContainerItemProxy;
			containerPortal = 521463792D37DF970052C22E /* Project object */;
			proxyType = 1;
			remoteGlobalIDString = 521463802D37DF970052C22E;
			remoteInfo = POCUIKit;
		};
		521463CC2D37DFD20052C22E /* PBXContainerItemProxy */ = {
			isa = PBXContainerItemProxy;
			containerPortal = 521463792D37DF970052C22E /* Project object */;
			proxyType = 1;
			remoteGlobalIDString = 521463B82D37DFD20052C22E;
			remoteInfo = POCUIKitApp;
		};
/* End PBXContainerItemProxy section */

/* Begin PBXCopyFilesBuildPhase section */
		521463D32D37DFD20052C22E /* Embed Frameworks */ = {
			isa = PBXCopyFilesBuildPhase;
			buildActionMask = 2147483647;
			dstPath = "";
			dstSubfolderSpec = 10;
			files = (
				521463CF2D37DFD20052C22E /* POCUIKitApp.framework in Embed Frameworks */,
			);
			name = "Embed Frameworks";
			runOnlyForDeploymentPostprocessing = 0;
		};
/* End PBXCopyFilesBuildPhase section */

/* Begin PBXFileReference section */
		0B2F46734B9B00332FDD6C8B /* Pods-POCUIKitApp.release.xcconfig */ = {isa = PBXFileReference; includeInIndex = 1; lastKnownFileType = text.xcconfig; name = "Pods-POCUIKitApp.release.xcconfig"; path = "Target Support Files/Pods-POCUIKitApp/Pods-POCUIKitApp.release.xcconfig"; sourceTree = "<group>"; };
		1E963A1685D7253C982BBAA0 /* Pods-POCUIKitTests.debug.xcconfig */ = {isa = PBXFileReference; includeInIndex = 1; lastKnownFileType = text.xcconfig; name = "Pods-POCUIKitTests.debug.xcconfig"; path = "Target Support Files/Pods-POCUIKitTests/Pods-POCUIKitTests.debug.xcconfig"; sourceTree = "<group>"; };
		310960627091335ED3651FF3 /* Pods-POCUIKitUITests.release.xcconfig */ = {isa = PBXFileReference; includeInIndex = 1; lastKnownFileType = text.xcconfig; name = "Pods-POCUIKitUITests.release.xcconfig"; path = "Target Support Files/Pods-POCUIKitUITests/Pods-POCUIKitUITests.release.xcconfig"; sourceTree = "<group>"; };
		31EC00F871BABF9C880B4FB0 /* Pods_POCUIKitTests.framework */ = {isa = PBXFileReference; explicitFileType = wrapper.framework; includeInIndex = 0; path = Pods_POCUIKitTests.framework; sourceTree = BUILT_PRODUCTS_DIR; };
		464E334F14B8E0D611621686 /* Pods-POCUIKitTests.release.xcconfig */ = {isa = PBXFileReference; includeInIndex = 1; lastKnownFileType = text.xcconfig; name = "Pods-POCUIKitTests.release.xcconfig"; path = "Target Support Files/Pods-POCUIKitTests/Pods-POCUIKitTests.release.xcconfig"; sourceTree = "<group>"; };
		481128582CE7A8957F7148E0 /* Pods-POCUIKitApp.debug.xcconfig */ = {isa = PBXFileReference; includeInIndex = 1; lastKnownFileType = text.xcconfig; name = "Pods-POCUIKitApp.debug.xcconfig"; path = "Target Support Files/Pods-POCUIKitApp/Pods-POCUIKitApp.debug.xcconfig"; sourceTree = "<group>"; };
		521463812D37DF970052C22E /* POCUIKit.app */ = {isa = PBXFileReference; explicitFileType = wrapper.application; includeInIndex = 0; path = POCUIKit.app; sourceTree = BUILT_PRODUCTS_DIR; };
		521463842D37DF970052C22E /* AppDelegate.swift */ = {isa = PBXFileReference; lastKnownFileType = sourcecode.swift; path = AppDelegate.swift; sourceTree = "<group>"; };
		521463862D37DF970052C22E /* SceneDelegate.swift */ = {isa = PBXFileReference; lastKnownFileType = sourcecode.swift; path = SceneDelegate.swift; sourceTree = "<group>"; };
		5214638B2D37DF970052C22E /* Base */ = {isa = PBXFileReference; lastKnownFileType = file.storyboard; name = Base; path = Base.lproj/Main.storyboard; sourceTree = "<group>"; };
		5214638D2D37DF980052C22E /* Assets.xcassets */ = {isa = PBXFileReference; lastKnownFileType = folder.assetcatalog; path = Assets.xcassets; sourceTree = "<group>"; };
		521463902D37DF980052C22E /* Base */ = {isa = PBXFileReference; lastKnownFileType = file.storyboard; name = Base; path = Base.lproj/LaunchScreen.storyboard; sourceTree = "<group>"; };
		521463922D37DF980052C22E /* Info.plist */ = {isa = PBXFileReference; lastKnownFileType = text.plist.xml; path = Info.plist; sourceTree = "<group>"; };
		521463972D37DF980052C22E /* POCUIKitTests.xctest */ = {isa = PBXFileReference; explicitFileType = wrapper.cfbundle; includeInIndex = 0; path = POCUIKitTests.xctest; sourceTree = BUILT_PRODUCTS_DIR; };
		5214639B2D37DF980052C22E /* POCUIKitTests.swift */ = {isa = PBXFileReference; lastKnownFileType = sourcecode.swift; path = POCUIKitTests.swift; sourceTree = "<group>"; };
		521463A12D37DF980052C22E /* POCUIKitUITests.xctest */ = {isa = PBXFileReference; explicitFileType = wrapper.cfbundle; includeInIndex = 0; path = POCUIKitUITests.xctest; sourceTree = BUILT_PRODUCTS_DIR; };
		521463A52D37DF980052C22E /* POCUIKitUITests.swift */ = {isa = PBXFileReference; lastKnownFileType = sourcecode.swift; path = POCUIKitUITests.swift; sourceTree = "<group>"; };
		521463A72D37DF980052C22E /* POCUIKitUITestsLaunchTests.swift */ = {isa = PBXFileReference; lastKnownFileType = sourcecode.swift; path = POCUIKitUITestsLaunchTests.swift; sourceTree = "<group>"; };
		521463B92D37DFD20052C22E /* POCUIKitApp.framework */ = {isa = PBXFileReference; explicitFileType = wrapper.framework; includeInIndex = 0; path = POCUIKitApp.framework; sourceTree = BUILT_PRODUCTS_DIR; };
		521463BB2D37DFD20052C22E /* POCUIKitApp.h */ = {isa = PBXFileReference; lastKnownFileType = sourcecode.c.h; path = POCUIKitApp.h; sourceTree = "<group>"; };
		521463BC2D37DFD20052C22E /* POCUIKitApp.docc */ = {isa = PBXFileReference; lastKnownFileType = folder.documentationcatalog; path = POCUIKitApp.docc; sourceTree = "<group>"; };
		521463C22D37DFD20052C22E /* POCUIKitAppTests.xctest */ = {isa = PBXFileReference; explicitFileType = wrapper.cfbundle; includeInIndex = 0; path = POCUIKitAppTests.xctest; sourceTree = BUILT_PRODUCTS_DIR; };
		521463C92D37DFD20052C22E /* POCUIKitAppTests.swift */ = {isa = PBXFileReference; lastKnownFileType = sourcecode.swift; path = POCUIKitAppTests.swift; sourceTree = "<group>"; };
		521463D72D37E39C0052C22E /* DSWaitingScreenViewController.swift */ = {isa = PBXFileReference; fileEncoding = 4; lastKnownFileType = sourcecode.swift; path = DSWaitingScreenViewController.swift; sourceTree = "<group>"; };
		521463D92D37E39C0052C22E /* DSWaitingScreenAccessibility.swift */ = {isa = PBXFileReference; fileEncoding = 4; lastKnownFileType = sourcecode.swift; path = DSWaitingScreenAccessibility.swift; sourceTree = "<group>"; };
		521463DA2D37E39C0052C22E /* DSWaitingScreenDelegate.swift */ = {isa = PBXFileReference; fileEncoding = 4; lastKnownFileType = sourcecode.swift; path = DSWaitingScreenDelegate.swift; sourceTree = "<group>"; };
		521463DB2D37E39C0052C22E /* DSWaitingScreenInterface.swift */ = {isa = PBXFileReference; fileEncoding = 4; lastKnownFileType = sourcecode.swift; path = DSWaitingScreenInterface.swift; sourceTree = "<group>"; };
		521463DC2D37E39C0052C22E /* DSWaitingScreenViewModel.swift */ = {isa = PBXFileReference; fileEncoding = 4; lastKnownFileType = sourcecode.swift; path = DSWaitingScreenViewModel.swift; sourceTree = "<group>"; };
		521463DE2D37E39C0052C22E /* WaitingScreenMediaView.swift */ = {isa = PBXFileReference; fileEncoding = 4; lastKnownFileType = sourcecode.swift; path = WaitingScreenMediaView.swift; sourceTree = "<group>"; };
		521463E02D37E39C0052C22E /* DSWaitingScreen.swift */ = {isa = PBXFileReference; fileEncoding = 4; lastKnownFileType = sourcecode.swift; path = DSWaitingScreen.swift; sourceTree = "<group>"; };
		521463E32D37E39C0052C22E /* UIImageViewExtension.swift */ = {isa = PBXFileReference; fileEncoding = 4; lastKnownFileType = sourcecode.swift; path = UIImageViewExtension.swift; sourceTree = "<group>"; };
		521463E42D37E39C0052C22E /* UIStackViewExtension.swift */ = {isa = PBXFileReference; fileEncoding = 4; lastKnownFileType = sourcecode.swift; path = UIStackViewExtension.swift; sourceTree = "<group>"; };
		521463E52D37E39C0052C22E /* UIViewExtension.swift */ = {isa = PBXFileReference; fileEncoding = 4; lastKnownFileType = sourcecode.swift; path = UIViewExtension.swift; sourceTree = "<group>"; };
		521463E72D37E39C0052C22E /* KcsUIKitFlowViewController.swift */ = {isa = PBXFileReference; fileEncoding = 4; lastKnownFileType = sourcecode.swift; path = KcsUIKitFlowViewController.swift; sourceTree = "<group>"; };
		521463E82D37E39C0052C22E /* KcsUIKitFlowViewController.xib */ = {isa = PBXFileReference; fileEncoding = 4; lastKnownFileType = file.xib; path = KcsUIKitFlowViewController.xib; sourceTree = "<group>"; };
		521463EA2D37E39C0052C22E /* KcsLandingViewController.swift */ = {isa = PBXFileReference; fileEncoding = 4; lastKnownFileType = sourcecode.swift; path = KcsLandingViewController.swift; sourceTree = "<group>"; };
		521463EB2D37E39C0052C22E /* KcsLandingViewController.xib */ = {isa = PBXFileReference; fileEncoding = 4; lastKnownFileType = file.xib; path = KcsLandingViewController.xib; sourceTree = "<group>"; };
		521463ED2D37E39C0052C22E /* KcsWaitingScreenEntryPointViewController.swift */ = {isa = PBXFileReference; fileEncoding = 4; lastKnownFileType = sourcecode.swift; path = KcsWaitingScreenEntryPointViewController.swift; sourceTree = "<group>"; };
		521463EE2D37E39C0052C22E /* KcsWaitingScreenEntryPointViewController.xib */ = {isa = PBXFileReference; fileEncoding = 4; lastKnownFileType = file.xib; path = KcsWaitingScreenEntryPointViewController.xib; sourceTree = "<group>"; };
		521463EF2D37E39C0052C22E /* KcsWaitingScreenViewController.swift */ = {isa = PBXFileReference; fileEncoding = 4; lastKnownFileType = sourcecode.swift; path = KcsWaitingScreenViewController.swift; sourceTree = "<group>"; };
		521463F02D37E39C0052C22E /* KcsWaitingScreenViewController.xib */ = {isa = PBXFileReference; fileEncoding = 4; lastKnownFileType = file.xib; path = KcsWaitingScreenViewController.xib; sourceTree = "<group>"; };
		521463F22D37E39C0052C22E /* KitchenSinkNavigationView.swift */ = {isa = PBXFileReference; fileEncoding = 4; lastKnownFileType = sourcecode.swift; path = KitchenSinkNavigationView.swift; sourceTree = "<group>"; };
		521463F32D37E39C0052C22E /* KitchenSinkNavigationView.xib */ = {isa = PBXFileReference; fileEncoding = 4; lastKnownFileType = file.xib; path = KitchenSinkNavigationView.xib; sourceTree = "<group>"; };
		521463F62D37E39C0052C22E /* UIKitViewController.swift */ = {isa = PBXFileReference; fileEncoding = 4; lastKnownFileType = sourcecode.swift; path = UIKitViewController.swift; sourceTree = "<group>"; };
		53101757DE38958DCD48A388 /* Pods-POCUIKitApp-POCUIKitAppTests.debug.xcconfig */ = {isa = PBXFileReference; includeInIndex = 1; lastKnownFileType = text.xcconfig; name = "Pods-POCUIKitApp-POCUIKitAppTests.debug.xcconfig"; path = "Target Support Files/Pods-POCUIKitApp-POCUIKitAppTests/Pods-POCUIKitApp-POCUIKitAppTests.debug.xcconfig"; sourceTree = "<group>"; };
		53AA5EB2230E6D3B6D694C5A /* Pods-POCUIKit.debug.xcconfig */ = {isa = PBXFileReference; includeInIndex = 1; lastKnownFileType = text.xcconfig; name = "Pods-POCUIKit.debug.xcconfig"; path = "Target Support Files/Pods-POCUIKit/Pods-POCUIKit.debug.xcconfig"; sourceTree = "<group>"; };
		7546F51C962756ED2C6BC39B /* Pods-POCUIKitAppTests.debug.xcconfig */ = {isa = PBXFileReference; includeInIndex = 1; lastKnownFileType = text.xcconfig; name = "Pods-POCUIKitAppTests.debug.xcconfig"; path = "Target Support Files/Pods-POCUIKitAppTests/Pods-POCUIKitAppTests.debug.xcconfig"; sourceTree = "<group>"; };
		7D57E907FB50F5CC74F3EEEB /* Pods_POCUIKit.framework */ = {isa = PBXFileReference; explicitFileType = wrapper.framework; includeInIndex = 0; path = Pods_POCUIKit.framework; sourceTree = BUILT_PRODUCTS_DIR; };
		83D80936E7B5902A4F17907B /* Pods_POCUIKit_POCUIKitUITests.framework */ = {isa = PBXFileReference; explicitFileType = wrapper.framework; includeInIndex = 0; path = Pods_POCUIKit_POCUIKitUITests.framework; sourceTree = BUILT_PRODUCTS_DIR; };
		8940CAD015E8AE995E9E1FA9 /* Pods-POCUIKitAppTests.release.xcconfig */ = {isa = PBXFileReference; includeInIndex = 1; lastKnownFileType = text.xcconfig; name = "Pods-POCUIKitAppTests.release.xcconfig"; path = "Target Support Files/Pods-POCUIKitAppTests/Pods-POCUIKitAppTests.release.xcconfig"; sourceTree = "<group>"; };
		9F8EA79914831E6B98AB4C08 /* Pods_POCUIKitApp.framework */ = {isa = PBXFileReference; explicitFileType = wrapper.framework; includeInIndex = 0; path = Pods_POCUIKitApp.framework; sourceTree = BUILT_PRODUCTS_DIR; };
		BF48B2CB67B8845EE6E2C027 /* Pods-POCUIKit.release.xcconfig */ = {isa = PBXFileReference; includeInIndex = 1; lastKnownFileType = text.xcconfig; name = "Pods-POCUIKit.release.xcconfig"; path = "Target Support Files/Pods-POCUIKit/Pods-POCUIKit.release.xcconfig"; sourceTree = "<group>"; };
		E24B1C1FFBED60243ED601FE /* Pods-POCUIKit-POCUIKitUITests.debug.xcconfig */ = {isa = PBXFileReference; includeInIndex = 1; lastKnownFileType = text.xcconfig; name = "Pods-POCUIKit-POCUIKitUITests.debug.xcconfig"; path = "Target Support Files/Pods-POCUIKit-POCUIKitUITests/Pods-POCUIKit-POCUIKitUITests.debug.xcconfig"; sourceTree = "<group>"; };
		E529967EFC80BAD7EB7A7398 /* Pods-POCUIKit-POCUIKitUITests.release.xcconfig */ = {isa = PBXFileReference; includeInIndex = 1; lastKnownFileType = text.xcconfig; name = "Pods-POCUIKit-POCUIKitUITests.release.xcconfig"; path = "Target Support Files/Pods-POCUIKit-POCUIKitUITests/Pods-POCUIKit-POCUIKitUITests.release.xcconfig"; sourceTree = "<group>"; };
		E6168E487DA0938CD3432578 /* Pods-POCUIKitApp-POCUIKitAppTests.release.xcconfig */ = {isa = PBXFileReference; includeInIndex = 1; lastKnownFileType = text.xcconfig; name = "Pods-POCUIKitApp-POCUIKitAppTests.release.xcconfig"; path = "Target Support Files/Pods-POCUIKitApp-POCUIKitAppTests/Pods-POCUIKitApp-POCUIKitAppTests.release.xcconfig"; sourceTree = "<group>"; };
		F25B08E186019B9723A8E798 /* Pods_POCUIKitAppTests.framework */ = {isa = PBXFileReference; explicitFileType = wrapper.framework; includeInIndex = 0; path = Pods_POCUIKitAppTests.framework; sourceTree = BUILT_PRODUCTS_DIR; };
		FC2FD2E10E37847D352B8903 /* Pods-POCUIKitUITests.debug.xcconfig */ = {isa = PBXFileReference; includeInIndex = 1; lastKnownFileType = text.xcconfig; name = "Pods-POCUIKitUITests.debug.xcconfig"; path = "Target Support Files/Pods-POCUIKitUITests/Pods-POCUIKitUITests.debug.xcconfig"; sourceTree = "<group>"; };
/* End PBXFileReference section */

/* Begin PBXFrameworksBuildPhase section */
		5214637E2D37DF970052C22E /* Frameworks */ = {
			isa = PBXFrameworksBuildPhase;
			buildActionMask = 2147483647;
			files = (
				521463CE2D37DFD20052C22E /* POCUIKitApp.framework in Frameworks */,
				D3B79B4AB38AE17C65E5BEB4 /* Pods_POCUIKit.framework in Frameworks */,
			);
			runOnlyForDeploymentPostprocessing = 0;
		};
		521463942D37DF980052C22E /* Frameworks */ = {
			isa = PBXFrameworksBuildPhase;
			buildActionMask = 2147483647;
			files = (
				50232F2929F4DE71CF37FE35 /* Pods_POCUIKitTests.framework in Frameworks */,
			);
			runOnlyForDeploymentPostprocessing = 0;
		};
		5214639E2D37DF980052C22E /* Frameworks */ = {
			isa = PBXFrameworksBuildPhase;
			buildActionMask = 2147483647;
			files = (
				73C4B9DE5B881CFF12F2E02A /* Pods_POCUIKit_POCUIKitUITests.framework in Frameworks */,
			);
			runOnlyForDeploymentPostprocessing = 0;
		};
		521463B62D37DFD20052C22E /* Frameworks */ = {
			isa = PBXFrameworksBuildPhase;
			buildActionMask = 2147483647;
			files = (
				F69976AD29D3863B654DA4A4 /* Pods_POCUIKitApp.framework in Frameworks */,
			);
			runOnlyForDeploymentPostprocessing = 0;
		};
		521463BF2D37DFD20052C22E /* Frameworks */ = {
			isa = PBXFrameworksBuildPhase;
			buildActionMask = 2147483647;
			files = (
				521463C32D37DFD20052C22E /* POCUIKitApp.framework in Frameworks */,
				B717D84530FC150203843BB9 /* Pods_POCUIKitAppTests.framework in Frameworks */,
			);
			runOnlyForDeploymentPostprocessing = 0;
		};
/* End PBXFrameworksBuildPhase section */

/* Begin PBXGroup section */
		521463782D37DF970052C22E = {
			isa = PBXGroup;
			children = (
				521463BA2D37DFD20052C22E /* POCUIKit */,
				521463832D37DF970052C22E /* POCUIKitApp */,
				5214639A2D37DF980052C22E /* POCUIKitTests */,
				521463A42D37DF980052C22E /* POCUIKitUITests */,
				521463C82D37DFD20052C22E /* POCUIKitAppTests */,
				521463822D37DF970052C22E /* Products */,
				5614572E2F971D6EBCBD7479 /* Pods */,
				F6AB6CD7811CB986875CC91F /* Frameworks */,
			);
			sourceTree = "<group>";
		};
		521463822D37DF970052C22E /* Products */ = {
			isa = PBXGroup;
			children = (
				521463812D37DF970052C22E /* POCUIKit.app */,
				521463972D37DF980052C22E /* POCUIKitTests.xctest */,
				521463A12D37DF980052C22E /* POCUIKitUITests.xctest */,
				521463B92D37DFD20052C22E /* POCUIKitApp.framework */,
				521463C22D37DFD20052C22E /* POCUIKitAppTests.xctest */,
			);
			name = Products;
			sourceTree = "<group>";
		};
		521463832D37DF970052C22E /* POCUIKitApp */ = {
			isa = PBXGroup;
			children = (
				521463842D37DF970052C22E /* AppDelegate.swift */,
				521463862D37DF970052C22E /* SceneDelegate.swift */,
				5214638A2D37DF970052C22E /* Main.storyboard */,
				5214638D2D37DF980052C22E /* Assets.xcassets */,
				5214638F2D37DF980052C22E /* LaunchScreen.storyboard */,
				521463922D37DF980052C22E /* Info.plist */,
			);
			path = POCUIKitApp;
			sourceTree = "<group>";
		};
		5214639A2D37DF980052C22E /* POCUIKitTests */ = {
			isa = PBXGroup;
			children = (
				5214639B2D37DF980052C22E /* POCUIKitTests.swift */,
			);
			path = POCUIKitTests;
			sourceTree = "<group>";
		};
		521463A42D37DF980052C22E /* POCUIKitUITests */ = {
			isa = PBXGroup;
			children = (
				521463A52D37DF980052C22E /* POCUIKitUITests.swift */,
				521463A72D37DF980052C22E /* POCUIKitUITestsLaunchTests.swift */,
			);
			path = POCUIKitUITests;
			sourceTree = "<group>";
		};
		521463BA2D37DFD20052C22E /* POCUIKit */ = {
			isa = PBXGroup;
			children = (
				521463F82D37E39C0052C22E /* Source */,
				521463BB2D37DFD20052C22E /* POCUIKitApp.h */,
				521463BC2D37DFD20052C22E /* POCUIKitApp.docc */,
			);
			path = POCUIKit;
			sourceTree = "<group>";
		};
		521463C82D37DFD20052C22E /* POCUIKitAppTests */ = {
			isa = PBXGroup;
			children = (
				521463C92D37DFD20052C22E /* POCUIKitAppTests.swift */,
			);
			path = POCUIKitAppTests;
			sourceTree = "<group>";
		};
		521463D82D37E39C0052C22E /* Controller */ = {
			isa = PBXGroup;
			children = (
				521463D72D37E39C0052C22E /* DSWaitingScreenViewController.swift */,
			);
			path = Controller;
			sourceTree = "<group>";
		};
		521463DD2D37E39C0052C22E /* Model */ = {
			isa = PBXGroup;
			children = (
				521463D92D37E39C0052C22E /* DSWaitingScreenAccessibility.swift */,
				521463DA2D37E39C0052C22E /* DSWaitingScreenDelegate.swift */,
				521463DB2D37E39C0052C22E /* DSWaitingScreenInterface.swift */,
				521463DC2D37E39C0052C22E /* DSWaitingScreenViewModel.swift */,
			);
			path = Model;
			sourceTree = "<group>";
		};
		521463DF2D37E39C0052C22E /* View */ = {
			isa = PBXGroup;
			children = (
				521463DE2D37E39C0052C22E /* WaitingScreenMediaView.swift */,
			);
			path = View;
			sourceTree = "<group>";
		};
		521463E12D37E39C0052C22E /* DSWaitingScreen */ = {
			isa = PBXGroup;
			children = (
				521463D82D37E39C0052C22E /* Controller */,
				521463DD2D37E39C0052C22E /* Model */,
				521463DF2D37E39C0052C22E /* View */,
				521463E02D37E39C0052C22E /* DSWaitingScreen.swift */,
			);
			path = DSWaitingScreen;
			sourceTree = "<group>";
		};
		521463E22D37E39C0052C22E /* Component */ = {
			isa = PBXGroup;
			children = (
				521463E12D37E39C0052C22E /* DSWaitingScreen */,
			);
			path = Component;
			sourceTree = "<group>";
		};
		521463E62D37E39C0052C22E /* Extensions */ = {
			isa = PBXGroup;
			children = (
				521463E32D37E39C0052C22E /* UIImageViewExtension.swift */,
				521463E42D37E39C0052C22E /* UIStackViewExtension.swift */,
				521463E52D37E39C0052C22E /* UIViewExtension.swift */,
			);
			path = Extensions;
			sourceTree = "<group>";
		};
		521463E92D37E39C0052C22E /* UIKit */ = {
			isa = PBXGroup;
			children = (
				521463E72D37E39C0052C22E /* KcsUIKitFlowViewController.swift */,
				521463E82D37E39C0052C22E /* KcsUIKitFlowViewController.xib */,
			);
			path = UIKit;
			sourceTree = "<group>";
		};
		521463EC2D37E39C0052C22E /* KcsLanding */ = {
			isa = PBXGroup;
			children = (
				521463E92D37E39C0052C22E /* UIKit */,
				521463EA2D37E39C0052C22E /* KcsLandingViewController.swift */,
				521463EB2D37E39C0052C22E /* KcsLandingViewController.xib */,
			);
			path = KcsLanding;
			sourceTree = "<group>";
		};
		521463F12D37E39C0052C22E /* KcsWaitingScreen */ = {
			isa = PBXGroup;
			children = (
				521463ED2D37E39C0052C22E /* KcsWaitingScreenEntryPointViewController.swift */,
				521463EE2D37E39C0052C22E /* KcsWaitingScreenEntryPointViewController.xib */,
				521463EF2D37E39C0052C22E /* KcsWaitingScreenViewController.swift */,
				521463F02D37E39C0052C22E /* KcsWaitingScreenViewController.xib */,
			);
			path = KcsWaitingScreen;
			sourceTree = "<group>";
		};
		521463F42D37E39C0052C22E /* KitchenSinkNavigationBar */ = {
			isa = PBXGroup;
			children = (
				521463F22D37E39C0052C22E /* KitchenSinkNavigationView.swift */,
				521463F32D37E39C0052C22E /* KitchenSinkNavigationView.xib */,
			);
			path = KitchenSinkNavigationBar;
			sourceTree = "<group>";
		};
		521463F52D37E39C0052C22E /* KitchenSinkPages */ = {
			isa = PBXGroup;
			children = (
				521463EC2D37E39C0052C22E /* KcsLanding */,
				521463F12D37E39C0052C22E /* KcsWaitingScreen */,
				521463F42D37E39C0052C22E /* KitchenSinkNavigationBar */,
			);
			path = KitchenSinkPages;
			sourceTree = "<group>";
		};
		521463F72D37E39C0052C22E /* ViewController */ = {
			isa = PBXGroup;
			children = (
				521463F62D37E39C0052C22E /* UIKitViewController.swift */,
			);
			path = ViewController;
			sourceTree = "<group>";
		};
		521463F82D37E39C0052C22E /* Source */ = {
			isa = PBXGroup;
			children = (
				521463E22D37E39C0052C22E /* Component */,
				521463E62D37E39C0052C22E /* Extensions */,
				521463F52D37E39C0052C22E /* KitchenSinkPages */,
				521463F72D37E39C0052C22E /* ViewController */,
			);
			path = Source;
			sourceTree = "<group>";
		};
		5614572E2F971D6EBCBD7479 /* Pods */ = {
			isa = PBXGroup;
			children = (
				53AA5EB2230E6D3B6D694C5A /* Pods-POCUIKit.debug.xcconfig */,
				BF48B2CB67B8845EE6E2C027 /* Pods-POCUIKit.release.xcconfig */,
				E24B1C1FFBED60243ED601FE /* Pods-POCUIKit-POCUIKitUITests.debug.xcconfig */,
				E529967EFC80BAD7EB7A7398 /* Pods-POCUIKit-POCUIKitUITests.release.xcconfig */,
				481128582CE7A8957F7148E0 /* Pods-POCUIKitApp.debug.xcconfig */,
				0B2F46734B9B00332FDD6C8B /* Pods-POCUIKitApp.release.xcconfig */,
				53101757DE38958DCD48A388 /* Pods-POCUIKitApp-POCUIKitAppTests.debug.xcconfig */,
				E6168E487DA0938CD3432578 /* Pods-POCUIKitApp-POCUIKitAppTests.release.xcconfig */,
				1E963A1685D7253C982BBAA0 /* Pods-POCUIKitTests.debug.xcconfig */,
				464E334F14B8E0D611621686 /* Pods-POCUIKitTests.release.xcconfig */,
				7546F51C962756ED2C6BC39B /* Pods-POCUIKitAppTests.debug.xcconfig */,
				8940CAD015E8AE995E9E1FA9 /* Pods-POCUIKitAppTests.release.xcconfig */,
				FC2FD2E10E37847D352B8903 /* Pods-POCUIKitUITests.debug.xcconfig */,
				310960627091335ED3651FF3 /* Pods-POCUIKitUITests.release.xcconfig */,
			);
			path = Pods;
			sourceTree = "<group>";
		};
		F6AB6CD7811CB986875CC91F /* Frameworks */ = {
			isa = PBXGroup;
			children = (
				7D57E907FB50F5CC74F3EEEB /* Pods_POCUIKit.framework */,
				9F8EA79914831E6B98AB4C08 /* Pods_POCUIKitApp.framework */,
				31EC00F871BABF9C880B4FB0 /* Pods_POCUIKitTests.framework */,
				F25B08E186019B9723A8E798 /* Pods_POCUIKitAppTests.framework */,
				83D80936E7B5902A4F17907B /* Pods_POCUIKit_POCUIKitUITests.framework */,
			);
			name = Frameworks;
			sourceTree = "<group>";
		};
/* End PBXGroup section */

/* Begin PBXHeadersBuildPhase section */
		521463B42D37DFD20052C22E /* Headers */ = {
			isa = PBXHeadersBuildPhase;
			buildActionMask = 2147483647;
			files = (
				52FA1BAF2D389F520004C288 /* POCUIKitApp.h in Headers */,
			);
			runOnlyForDeploymentPostprocessing = 0;
		};
/* End PBXHeadersBuildPhase section */

/* Begin PBXNativeTarget section */
		521463802D37DF970052C22E /* POCUIKit */ = {
			isa = PBXNativeTarget;
			buildConfigurationList = 521463AB2D37DF980052C22E /* Build configuration list for PBXNativeTarget "POCUIKit" */;
			buildPhases = (
				F883F4CE9B8388B2ACC362AC /* [CP] Check Pods Manifest.lock */,
				5214637D2D37DF970052C22E /* Sources */,
				5214637E2D37DF970052C22E /* Frameworks */,
				5214637F2D37DF970052C22E /* Resources */,
				521463D32D37DFD20052C22E /* Embed Frameworks */,
				902263B01D793D9BDC16A839 /* [CP] Embed Pods Frameworks */,
			);
			buildRules = (
			);
			dependencies = (
				521463CD2D37DFD20052C22E /* PBXTargetDependency */,
			);
			name = POCUIKit;
			productName = POCUIKit;
			productReference = 521463812D37DF970052C22E /* POCUIKit.app */;
			productType = "com.apple.product-type.application";
		};
		521463962D37DF980052C22E /* POCUIKitTests */ = {
			isa = PBXNativeTarget;
			buildConfigurationList = 521463AE2D37DF980052C22E /* Build configuration list for PBXNativeTarget "POCUIKitTests" */;
			buildPhases = (
				1AC0F6EFD4872C91E421F01E /* [CP] Check Pods Manifest.lock */,
				521463932D37DF980052C22E /* Sources */,
				521463942D37DF980052C22E /* Frameworks */,
				521463952D37DF980052C22E /* Resources */,
			);
			buildRules = (
			);
			dependencies = (
				521463992D37DF980052C22E /* PBXTargetDependency */,
			);
			name = POCUIKitTests;
			productName = POCUIKitTests;
			productReference = 521463972D37DF980052C22E /* POCUIKitTests.xctest */;
			productType = "com.apple.product-type.bundle.unit-test";
		};
		521463A02D37DF980052C22E /* POCUIKitUITests */ = {
			isa = PBXNativeTarget;
			buildConfigurationList = 521463B12D37DF980052C22E /* Build configuration list for PBXNativeTarget "POCUIKitUITests" */;
			buildPhases = (
				E7FEB910928084B2A793D5D2 /* [CP] Check Pods Manifest.lock */,
				5214639D2D37DF980052C22E /* Sources */,
				5214639E2D37DF980052C22E /* Frameworks */,
				5214639F2D37DF980052C22E /* Resources */,
				2407E00E89AADD2FC0231B46 /* [CP] Embed Pods Frameworks */,
			);
			buildRules = (
			);
			dependencies = (
				521463A32D37DF980052C22E /* PBXTargetDependency */,
			);
			name = POCUIKitUITests;
			productName = POCUIKitUITests;
			productReference = 521463A12D37DF980052C22E /* POCUIKitUITests.xctest */;
			productType = "com.apple.product-type.bundle.ui-testing";
		};
		521463B82D37DFD20052C22E /* POCUIKitApp */ = {
			isa = PBXNativeTarget;
			buildConfigurationList = 521463D02D37DFD20052C22E /* Build configuration list for PBXNativeTarget "POCUIKitApp" */;
			buildPhases = (
				BB22B6B2D955F60BE6B6FB08 /* [CP] Check Pods Manifest.lock */,
				521463B42D37DFD20052C22E /* Headers */,
				521463B52D37DFD20052C22E /* Sources */,
				521463B62D37DFD20052C22E /* Frameworks */,
				521463B72D37DFD20052C22E /* Resources */,
			);
			buildRules = (
			);
			dependencies = (
			);
			name = POCUIKitApp;
			productName = POCUIKitApp;
			productReference = 521463B92D37DFD20052C22E /* POCUIKitApp.framework */;
			productType = "com.apple.product-type.framework";
		};
		521463C12D37DFD20052C22E /* POCUIKitAppTests */ = {
			isa = PBXNativeTarget;
			buildConfigurationList = 521463D42D37DFD20052C22E /* Build configuration list for PBXNativeTarget "POCUIKitAppTests" */;
			buildPhases = (
				BEE7B8F497A9681E15797346 /* [CP] Check Pods Manifest.lock */,
				521463BE2D37DFD20052C22E /* Sources */,
				521463BF2D37DFD20052C22E /* Frameworks */,
				521463C02D37DFD20052C22E /* Resources */,
			);
			buildRules = (
			);
			dependencies = (
				521463C52D37DFD20052C22E /* PBXTargetDependency */,
				521463C72D37DFD20052C22E /* PBXTargetDependency */,
			);
			name = POCUIKitAppTests;
			productName = POCUIKitAppTests;
			productReference = 521463C22D37DFD20052C22E /* POCUIKitAppTests.xctest */;
			productType = "com.apple.product-type.bundle.unit-test";
		};
/* End PBXNativeTarget section */

/* Begin PBXProject section */
		521463792D37DF970052C22E /* Project object */ = {
			isa = PBXProject;
			attributes = {
				BuildIndependentTargetsInParallel = 1;
				LastSwiftUpdateCheck = 1540;
				LastUpgradeCheck = 1540;
				TargetAttributes = {
					521463802D37DF970052C22E = {
						CreatedOnToolsVersion = 15.4;
					};
					521463962D37DF980052C22E = {
						CreatedOnToolsVersion = 15.4;
						TestTargetID = 521463802D37DF970052C22E;
					};
					521463A02D37DF980052C22E = {
						CreatedOnToolsVersion = 15.4;
						TestTargetID = 521463802D37DF970052C22E;
					};
					521463B82D37DFD20052C22E = {
						CreatedOnToolsVersion = 15.4;
					};
					521463C12D37DFD20052C22E = {
						CreatedOnToolsVersion = 15.4;
						TestTargetID = 521463802D37DF970052C22E;
					};
				};
			};
			buildConfigurationList = 5214637C2D37DF970052C22E /* Build configuration list for PBXProject "POCUIKit" */;
			compatibilityVersion = "Xcode 14.0";
			developmentRegion = en;
			hasScannedForEncodings = 0;
			knownRegions = (
				en,
				Base,
			);
			mainGroup = 521463782D37DF970052C22E;
			productRefGroup = 521463822D37DF970052C22E /* Products */;
			projectDirPath = "";
			projectRoot = "";
			targets = (
				521463802D37DF970052C22E /* POCUIKit */,
				521463962D37DF980052C22E /* POCUIKitTests */,
				521463A02D37DF980052C22E /* POCUIKitUITests */,
				521463B82D37DFD20052C22E /* POCUIKitApp */,
				521463C12D37DFD20052C22E /* POCUIKitAppTests */,
			);
		};
/* End PBXProject section */

/* Begin PBXResourcesBuildPhase section */
		5214637F2D37DF970052C22E /* Resources */ = {
			isa = PBXResourcesBuildPhase;
			buildActionMask = 2147483647;
			files = (
				5214638E2D37DF980052C22E /* Assets.xcassets in Resources */,
				521464042D37E39C0052C22E /* KcsUIKitFlowViewController.xib in Resources */,
				521463912D37DF980052C22E /* Base in Resources */,
				5214640A2D37E39C0052C22E /* KcsWaitingScreenViewController.xib in Resources */,
				5214640C2D37E39C0052C22E /* KitchenSinkNavigationView.xib in Resources */,
				5214638C2D37DF970052C22E /* Base in Resources */,
				521464082D37E39C0052C22E /* KcsWaitingScreenEntryPointViewController.xib in Resources */,
				521464062D37E39C0052C22E /* KcsLandingViewController.xib in Resources */,
			);
			runOnlyForDeploymentPostprocessing = 0;
		};
		521463952D37DF980052C22E /* Resources */ = {
			isa = PBXResourcesBuildPhase;
			buildActionMask = 2147483647;
			files = (
			);
			runOnlyForDeploymentPostprocessing = 0;
		};
		5214639F2D37DF980052C22E /* Resources */ = {
			isa = PBXResourcesBuildPhase;
			buildActionMask = 2147483647;
			files = (
			);
			runOnlyForDeploymentPostprocessing = 0;
		};
		521463B72D37DFD20052C22E /* Resources */ = {
			isa = PBXResourcesBuildPhase;
			buildActionMask = 2147483647;
			files = (
			);
			runOnlyForDeploymentPostprocessing = 0;
		};
		521463C02D37DFD20052C22E /* Resources */ = {
			isa = PBXResourcesBuildPhase;
			buildActionMask = 2147483647;
			files = (
			);
			runOnlyForDeploymentPostprocessing = 0;
		};
/* End PBXResourcesBuildPhase section */

/* Begin PBXShellScriptBuildPhase section */
		1AC0F6EFD4872C91E421F01E /* [CP] Check Pods Manifest.lock */ = {
			isa = PBXShellScriptBuildPhase;
			buildActionMask = 2147483647;
			files = (
			);
			inputFileListPaths = (
			);
			inputPaths = (
				"${PODS_PODFILE_DIR_PATH}/Podfile.lock",
				"${PODS_ROOT}/Manifest.lock",
			);
			name = "[CP] Check Pods Manifest.lock";
			outputFileListPaths = (
			);
			outputPaths = (
				"$(DERIVED_FILE_DIR)/Pods-POCUIKitTests-checkManifestLockResult.txt",
			);
			runOnlyForDeploymentPostprocessing = 0;
			shellPath = /bin/sh;
			shellScript = "diff \"${PODS_PODFILE_DIR_PATH}/Podfile.lock\" \"${PODS_ROOT}/Manifest.lock\" > /dev/null\nif [ $? != 0 ] ; then\n    # print error to STDERR\n    echo \"error: The sandbox is not in sync with the Podfile.lock. Run 'pod install' or update your CocoaPods installation.\" >&2\n    exit 1\nfi\n# This output is used by Xcode 'outputs' to avoid re-running this script phase.\necho \"SUCCESS\" > \"${SCRIPT_OUTPUT_FILE_0}\"\n";
			showEnvVarsInLog = 0;
		};
		2407E00E89AADD2FC0231B46 /* [CP] Embed Pods Frameworks */ = {
			isa = PBXShellScriptBuildPhase;
			buildActionMask = 2147483647;
			files = (
			);
			inputFileListPaths = (
			);
			name = "[CP] Embed Pods Frameworks";
			outputFileListPaths = (
			);
			runOnlyForDeploymentPostprocessing = 0;
			shellPath = /bin/sh;
			shellScript = "\"${PODS_ROOT}/Target Support Files/Pods-POCUIKit-POCUIKitUITests/Pods-POCUIKit-POCUIKitUITests-frameworks.sh\"\n";
			showEnvVarsInLog = 0;
		};
		902263B01D793D9BDC16A839 /* [CP] Embed Pods Frameworks */ = {
			isa = PBXShellScriptBuildPhase;
			buildActionMask = 2147483647;
			files = (
			);
			inputFileListPaths = (
			);
			name = "[CP] Embed Pods Frameworks";
			outputFileListPaths = (
			);
			runOnlyForDeploymentPostprocessing = 0;
			shellPath = /bin/sh;
			shellScript = "\"${PODS_ROOT}/Target Support Files/Pods-POCUIKit/Pods-POCUIKit-frameworks.sh\"\n";
			showEnvVarsInLog = 0;
		};
		BB22B6B2D955F60BE6B6FB08 /* [CP] Check Pods Manifest.lock */ = {
			isa = PBXShellScriptBuildPhase;
			buildActionMask = 2147483647;
			files = (
			);
			inputFileListPaths = (
			);
			inputPaths = (
				"${PODS_PODFILE_DIR_PATH}/Podfile.lock",
				"${PODS_ROOT}/Manifest.lock",
			);
			name = "[CP] Check Pods Manifest.lock";
			outputFileListPaths = (
			);
			outputPaths = (
				"$(DERIVED_FILE_DIR)/Pods-POCUIKitApp-checkManifestLockResult.txt",
			);
			runOnlyForDeploymentPostprocessing = 0;
			shellPath = /bin/sh;
			shellScript = "diff \"${PODS_PODFILE_DIR_PATH}/Podfile.lock\" \"${PODS_ROOT}/Manifest.lock\" > /dev/null\nif [ $? != 0 ] ; then\n    # print error to STDERR\n    echo \"error: The sandbox is not in sync with the Podfile.lock. Run 'pod install' or update your CocoaPods installation.\" >&2\n    exit 1\nfi\n# This output is used by Xcode 'outputs' to avoid re-running this script phase.\necho \"SUCCESS\" > \"${SCRIPT_OUTPUT_FILE_0}\"\n";
			showEnvVarsInLog = 0;
		};
		BEE7B8F497A9681E15797346 /* [CP] Check Pods Manifest.lock */ = {
			isa = PBXShellScriptBuildPhase;
			buildActionMask = 2147483647;
			files = (
			);
			inputFileListPaths = (
			);
			inputPaths = (
				"${PODS_PODFILE_DIR_PATH}/Podfile.lock",
				"${PODS_ROOT}/Manifest.lock",
			);
			name = "[CP] Check Pods Manifest.lock";
			outputFileListPaths = (
			);
			outputPaths = (
				"$(DERIVED_FILE_DIR)/Pods-POCUIKitAppTests-checkManifestLockResult.txt",
			);
			runOnlyForDeploymentPostprocessing = 0;
			shellPath = /bin/sh;
			shellScript = "diff \"${PODS_PODFILE_DIR_PATH}/Podfile.lock\" \"${PODS_ROOT}/Manifest.lock\" > /dev/null\nif [ $? != 0 ] ; then\n    # print error to STDERR\n    echo \"error: The sandbox is not in sync with the Podfile.lock. Run 'pod install' or update your CocoaPods installation.\" >&2\n    exit 1\nfi\n# This output is used by Xcode 'outputs' to avoid re-running this script phase.\necho \"SUCCESS\" > \"${SCRIPT_OUTPUT_FILE_0}\"\n";
			showEnvVarsInLog = 0;
		};
		E7FEB910928084B2A793D5D2 /* [CP] Check Pods Manifest.lock */ = {
			isa = PBXShellScriptBuildPhase;
			buildActionMask = 2147483647;
			files = (
			);
			inputFileListPaths = (
			);
			inputPaths = (
				"${PODS_PODFILE_DIR_PATH}/Podfile.lock",
				"${PODS_ROOT}/Manifest.lock",
			);
			name = "[CP] Check Pods Manifest.lock";
			outputFileListPaths = (
			);
			outputPaths = (
				"$(DERIVED_FILE_DIR)/Pods-POCUIKit-POCUIKitUITests-checkManifestLockResult.txt",
			);
			runOnlyForDeploymentPostprocessing = 0;
			shellPath = /bin/sh;
			shellScript = "diff \"${PODS_PODFILE_DIR_PATH}/Podfile.lock\" \"${PODS_ROOT}/Manifest.lock\" > /dev/null\nif [ $? != 0 ] ; then\n    # print error to STDERR\n    echo \"error: The sandbox is not in sync with the Podfile.lock. Run 'pod install' or update your CocoaPods installation.\" >&2\n    exit 1\nfi\n# This output is used by Xcode 'outputs' to avoid re-running this script phase.\necho \"SUCCESS\" > \"${SCRIPT_OUTPUT_FILE_0}\"\n";
			showEnvVarsInLog = 0;
		};
		F883F4CE9B8388B2ACC362AC /* [CP] Check Pods Manifest.lock */ = {
			isa = PBXShellScriptBuildPhase;
			buildActionMask = 2147483647;
			files = (
			);
			inputFileListPaths = (
			);
			inputPaths = (
				"${PODS_PODFILE_DIR_PATH}/Podfile.lock",
				"${PODS_ROOT}/Manifest.lock",
			);
			name = "[CP] Check Pods Manifest.lock";
			outputFileListPaths = (
			);
			outputPaths = (
				"$(DERIVED_FILE_DIR)/Pods-POCUIKit-checkManifestLockResult.txt",
			);
			runOnlyForDeploymentPostprocessing = 0;
			shellPath = /bin/sh;
			shellScript = "diff \"${PODS_PODFILE_DIR_PATH}/Podfile.lock\" \"${PODS_ROOT}/Manifest.lock\" > /dev/null\nif [ $? != 0 ] ; then\n    # print error to STDERR\n    echo \"error: The sandbox is not in sync with the Podfile.lock. Run 'pod install' or update your CocoaPods installation.\" >&2\n    exit 1\nfi\n# This output is used by Xcode 'outputs' to avoid re-running this script phase.\necho \"SUCCESS\" > \"${SCRIPT_OUTPUT_FILE_0}\"\n";
			showEnvVarsInLog = 0;
		};
/* End PBXShellScriptBuildPhase section */

/* Begin PBXSourcesBuildPhase section */
		5214637D2D37DF970052C22E /* Sources */ = {
			isa = PBXSourcesBuildPhase;
			buildActionMask = 2147483647;
			files = (
				521463FA2D37E39C0052C22E /* DSWaitingScreenAccessibility.swift in Sources */,
				521464012D37E39C0052C22E /* UIStackViewExtension.swift in Sources */,
				521463FC2D37E39C0052C22E /* DSWaitingScreenInterface.swift in Sources */,
				521463FF2D37E39C0052C22E /* DSWaitingScreen.swift in Sources */,
				521464052D37E39C0052C22E /* KcsLandingViewController.swift in Sources */,
				521463FB2D37E39C0052C22E /* DSWaitingScreenDelegate.swift in Sources */,
				521464092D37E39C0052C22E /* KcsWaitingScreenViewController.swift in Sources */,
				521463852D37DF970052C22E /* AppDelegate.swift in Sources */,
				521464072D37E39C0052C22E /* KcsWaitingScreenEntryPointViewController.swift in Sources */,
				5214640B2D37E39C0052C22E /* KitchenSinkNavigationView.swift in Sources */,
				521464002D37E39C0052C22E /* UIImageViewExtension.swift in Sources */,
				5214640D2D37E39C0052C22E /* UIKitViewController.swift in Sources */,
				521463872D37DF970052C22E /* SceneDelegate.swift in Sources */,
				521464022D37E39C0052C22E /* UIViewExtension.swift in Sources */,
				521463F92D37E39C0052C22E /* DSWaitingScreenViewController.swift in Sources */,
				521463FE2D37E39C0052C22E /* WaitingScreenMediaView.swift in Sources */,
				521464032D37E39C0052C22E /* KcsUIKitFlowViewController.swift in Sources */,
				521463FD2D37E39C0052C22E /* DSWaitingScreenViewModel.swift in Sources */,
			);
			runOnlyForDeploymentPostprocessing = 0;
		};
		521463932D37DF980052C22E /* Sources */ = {
			isa = PBXSourcesBuildPhase;
			buildActionMask = 2147483647;
			files = (
				5214639C2D37DF980052C22E /* POCUIKitTests.swift in Sources */,
			);
			runOnlyForDeploymentPostprocessing = 0;
		};
		5214639D2D37DF980052C22E /* Sources */ = {
			isa = PBXSourcesBuildPhase;
			buildActionMask = 2147483647;
			files = (
				521463A82D37DF980052C22E /* POCUIKitUITestsLaunchTests.swift in Sources */,
				521463A62D37DF980052C22E /* POCUIKitUITests.swift in Sources */,
			);
			runOnlyForDeploymentPostprocessing = 0;
		};
		521463B52D37DFD20052C22E /* Sources */ = {
			isa = PBXSourcesBuildPhase;
			buildActionMask = 2147483647;
			files = (
				521463BD2D37DFD20052C22E /* POCUIKitApp.docc in Sources */,
			);
			runOnlyForDeploymentPostprocessing = 0;
		};
		521463BE2D37DFD20052C22E /* Sources */ = {
			isa = PBXSourcesBuildPhase;
			buildActionMask = 2147483647;
			files = (
				521463CA2D37DFD20052C22E /* POCUIKitAppTests.swift in Sources */,
			);
			runOnlyForDeploymentPostprocessing = 0;
		};
/* End PBXSourcesBuildPhase section */

/* Begin PBXTargetDependency section */
		521463992D37DF980052C22E /* PBXTargetDependency */ = {
			isa = PBXTargetDependency;
			target = 521463802D37DF970052C22E /* POCUIKit */;
			targetProxy = 521463982D37DF980052C22E /* PBXContainerItemProxy */;
		};
		521463A32D37DF980052C22E /* PBXTargetDependency */ = {
			isa = PBXTargetDependency;
			target = 521463802D37DF970052C22E /* POCUIKit */;
			targetProxy = 521463A22D37DF980052C22E /* PBXContainerItemProxy */;
		};
		521463C52D37DFD20052C22E /* PBXTargetDependency */ = {
			isa = PBXTargetDependency;
			target = 521463B82D37DFD20052C22E /* POCUIKitApp */;
			targetProxy = 521463C42D37DFD20052C22E /* PBXContainerItemProxy */;
		};
		521463C72D37DFD20052C22E /* PBXTargetDependency */ = {
			isa = PBXTargetDependency;
			target = 521463802D37DF970052C22E /* POCUIKit */;
			targetProxy = 521463C62D37DFD20052C22E /* PBXContainerItemProxy */;
		};
		521463CD2D37DFD20052C22E /* PBXTargetDependency */ = {
			isa = PBXTargetDependency;
			target = 521463B82D37DFD20052C22E /* POCUIKitApp */;
			targetProxy = 521463CC2D37DFD20052C22E /* PBXContainerItemProxy */;
		};
/* End PBXTargetDependency section */

/* Begin PBXVariantGroup section */
		5214638A2D37DF970052C22E /* Main.storyboard */ = {
			isa = PBXVariantGroup;
			children = (
				5214638B2D37DF970052C22E /* Base */,
			);
			name = Main.storyboard;
			sourceTree = "<group>";
		};
		5214638F2D37DF980052C22E /* LaunchScreen.storyboard */ = {
			isa = PBXVariantGroup;
			children = (
				521463902D37DF980052C22E /* Base */,
			);
			name = LaunchScreen.storyboard;
			sourceTree = "<group>";
		};
/* End PBXVariantGroup section */

/* Begin XCBuildConfiguration section */
		521463A92D37DF980052C22E /* Debug */ = {
			isa = XCBuildConfiguration;
			buildSettings = {
				ALWAYS_SEARCH_USER_PATHS = NO;
				ASSETCATALOG_COMPILER_GENERATE_SWIFT_ASSET_SYMBOL_EXTENSIONS = YES;
				CLANG_ANALYZER_NONNULL = YES;
				CLANG_ANALYZER_NUMBER_OBJECT_CONVERSION = YES_AGGRESSIVE;
				CLANG_CXX_LANGUAGE_STANDARD = "gnu++20";
				CLANG_ENABLE_MODULES = YES;
				CLANG_ENABLE_OBJC_ARC = YES;
				CLANG_ENABLE_OBJC_WEAK = YES;
				CLANG_WARN_BLOCK_CAPTURE_AUTORELEASING = YES;
				CLANG_WARN_BOOL_CONVERSION = YES;
				CLANG_WARN_COMMA = YES;
				CLANG_WARN_CONSTANT_CONVERSION = YES;
				CLANG_WARN_DEPRECATED_OBJC_IMPLEMENTATIONS = YES;
				CLANG_WARN_DIRECT_OBJC_ISA_USAGE = YES_ERROR;
				CLANG_WARN_DOCUMENTATION_COMMENTS = YES;
				CLANG_WARN_EMPTY_BODY = YES;
				CLANG_WARN_ENUM_CONVERSION = YES;
				CLANG_WARN_INFINITE_RECURSION = YES;
				CLANG_WARN_INT_CONVERSION = YES;
				CLANG_WARN_NON_LITERAL_NULL_CONVERSION = YES;
				CLANG_WARN_OBJC_IMPLICIT_RETAIN_SELF = YES;
				CLANG_WARN_OBJC_LITERAL_CONVERSION = YES;
				CLANG_WARN_OBJC_ROOT_CLASS = YES_ERROR;
				CLANG_WARN_QUOTED_INCLUDE_IN_FRAMEWORK_HEADER = YES;
				CLANG_WARN_RANGE_LOOP_ANALYSIS = YES;
				CLANG_WARN_STRICT_PROTOTYPES = YES;
				CLANG_WARN_SUSPICIOUS_MOVE = YES;
				CLANG_WARN_UNGUARDED_AVAILABILITY = YES_AGGRESSIVE;
				CLANG_WARN_UNREACHABLE_CODE = YES;
				CLANG_WARN__DUPLICATE_METHOD_MATCH = YES;
				COPY_PHASE_STRIP = NO;
				DEBUG_INFORMATION_FORMAT = dwarf;
				ENABLE_STRICT_OBJC_MSGSEND = YES;
				ENABLE_TESTABILITY = YES;
				ENABLE_USER_SCRIPT_SANDBOXING = NO;
				GCC_C_LANGUAGE_STANDARD = gnu17;
				GCC_DYNAMIC_NO_PIC = NO;
				GCC_NO_COMMON_BLOCKS = YES;
				GCC_OPTIMIZATION_LEVEL = 0;
				GCC_PREPROCESSOR_DEFINITIONS = (
					"DEBUG=1",
					"$(inherited)",
				);
				GCC_WARN_64_TO_32_BIT_CONVERSION = YES;
				GCC_WARN_ABOUT_RETURN_TYPE = YES_ERROR;
				GCC_WARN_UNDECLARED_SELECTOR = YES;
				GCC_WARN_UNINITIALIZED_AUTOS = YES_AGGRESSIVE;
				GCC_WARN_UNUSED_FUNCTION = YES;
				GCC_WARN_UNUSED_VARIABLE = YES;
				IPHONEOS_DEPLOYMENT_TARGET = 17.5;
				LOCALIZATION_PREFERS_STRING_CATALOGS = YES;
				MTL_ENABLE_DEBUG_INFO = INCLUDE_SOURCE;
				MTL_FAST_MATH = YES;
				ONLY_ACTIVE_ARCH = YES;
				SDKROOT = iphoneos;
				SWIFT_ACTIVE_COMPILATION_CONDITIONS = "DEBUG $(inherited)";
				SWIFT_OPTIMIZATION_LEVEL = "-Onone";
			};
			name = Debug;
		};
		521463AA2D37DF980052C22E /* Release */ = {
			isa = XCBuildConfiguration;
			buildSettings = {
				ALWAYS_SEARCH_USER_PATHS = NO;
				ASSETCATALOG_COMPILER_GENERATE_SWIFT_ASSET_SYMBOL_EXTENSIONS = YES;
				CLANG_ANALYZER_NONNULL = YES;
				CLANG_ANALYZER_NUMBER_OBJECT_CONVERSION = YES_AGGRESSIVE;
				CLANG_CXX_LANGUAGE_STANDARD = "gnu++20";
				CLANG_ENABLE_MODULES = YES;
				CLANG_ENABLE_OBJC_ARC = YES;
				CLANG_ENABLE_OBJC_WEAK = YES;
				CLANG_WARN_BLOCK_CAPTURE_AUTORELEASING = YES;
				CLANG_WARN_BOOL_CONVERSION = YES;
				CLANG_WARN_COMMA = YES;
				CLANG_WARN_CONSTANT_CONVERSION = YES;
				CLANG_WARN_DEPRECATED_OBJC_IMPLEMENTATIONS = YES;
				CLANG_WARN_DIRECT_OBJC_ISA_USAGE = YES_ERROR;
				CLANG_WARN_DOCUMENTATION_COMMENTS = YES;
				CLANG_WARN_EMPTY_BODY = YES;
				CLANG_WARN_ENUM_CONVERSION = YES;
				CLANG_WARN_INFINITE_RECURSION = YES;
				CLANG_WARN_INT_CONVERSION = YES;
				CLANG_WARN_NON_LITERAL_NULL_CONVERSION = YES;
				CLANG_WARN_OBJC_IMPLICIT_RETAIN_SELF = YES;
				CLANG_WARN_OBJC_LITERAL_CONVERSION = YES;
				CLANG_WARN_OBJC_ROOT_CLASS = YES_ERROR;
				CLANG_WARN_QUOTED_INCLUDE_IN_FRAMEWORK_HEADER = YES;
				CLANG_WARN_RANGE_LOOP_ANALYSIS = YES;
				CLANG_WARN_STRICT_PROTOTYPES = YES;
				CLANG_WARN_SUSPICIOUS_MOVE = YES;
				CLANG_WARN_UNGUARDED_AVAILABILITY = YES_AGGRESSIVE;
				CLANG_WARN_UNREACHABLE_CODE = YES;
				CLANG_WARN__DUPLICATE_METHOD_MATCH = YES;
				COPY_PHASE_STRIP = NO;
				DEBUG_INFORMATION_FORMAT = "dwarf-with-dsym";
				ENABLE_NS_ASSERTIONS = NO;
				ENABLE_STRICT_OBJC_MSGSEND = YES;
				ENABLE_USER_SCRIPT_SANDBOXING = NO;
				GCC_C_LANGUAGE_STANDARD = gnu17;
				GCC_NO_COMMON_BLOCKS = YES;
				GCC_WARN_64_TO_32_BIT_CONVERSION = YES;
				GCC_WARN_ABOUT_RETURN_TYPE = YES_ERROR;
				GCC_WARN_UNDECLARED_SELECTOR = YES;
				GCC_WARN_UNINITIALIZED_AUTOS = YES_AGGRESSIVE;
				GCC_WARN_UNUSED_FUNCTION = YES;
				GCC_WARN_UNUSED_VARIABLE = YES;
				IPHONEOS_DEPLOYMENT_TARGET = 17.5;
				LOCALIZATION_PREFERS_STRING_CATALOGS = YES;
				MTL_ENABLE_DEBUG_INFO = NO;
				MTL_FAST_MATH = YES;
				SDKROOT = iphoneos;
				SWIFT_COMPILATION_MODE = wholemodule;
				VALIDATE_PRODUCT = YES;
			};
			name = Release;
		};
		521463AC2D37DF980052C22E /* Debug */ = {
			isa = XCBuildConfiguration;
			baseConfigurationReference = 53AA5EB2230E6D3B6D694C5A /* Pods-POCUIKit.debug.xcconfig */;
			buildSettings = {
				ASSETCATALOG_COMPILER_APPICON_NAME = AppIcon;
				ASSETCATALOG_COMPILER_GLOBAL_ACCENT_COLOR_NAME = AccentColor;
				CODE_SIGN_STYLE = Automatic;
				CURRENT_PROJECT_VERSION = 1;
				DEVELOPMENT_TEAM = L8VPXC87N5;
				ENABLE_USER_SCRIPT_SANDBOXING = NO;
				GENERATE_INFOPLIST_FILE = YES;
				INFOPLIST_FILE = POCUIKit/Info.plist;
				INFOPLIST_KEY_UIApplicationSupportsIndirectInputEvents = YES;
				INFOPLIST_KEY_UILaunchStoryboardName = LaunchScreen;
				INFOPLIST_KEY_UIMainStoryboardFile = Main;
				INFOPLIST_KEY_UISupportedInterfaceOrientations_iPad = "UIInterfaceOrientationPortrait UIInterfaceOrientationPortraitUpsideDown UIInterfaceOrientationLandscapeLeft UIInterfaceOrientationLandscapeRight";
				INFOPLIST_KEY_UISupportedInterfaceOrientations_iPhone = "UIInterfaceOrientationPortrait UIInterfaceOrientationLandscapeLeft UIInterfaceOrientationLandscapeRight";
				LD_RUNPATH_SEARCH_PATHS = (
					"$(inherited)",
					"@executable_path/Frameworks",
				);
				MARKETING_VERSION = 1.0;
				PRODUCT_BUNDLE_IDENTIFIER = "oneapp-designsystem-ios-UIKit.POCUIKit";
				PRODUCT_NAME = "$(TARGET_NAME)";
				SWIFT_EMIT_LOC_STRINGS = YES;
				SWIFT_VERSION = 5.0;
				TARGETED_DEVICE_FAMILY = "1,2";
			};
			name = Debug;
		};
		521463AD2D37DF980052C22E /* Release */ = {
			isa = XCBuildConfiguration;
			baseConfigurationReference = BF48B2CB67B8845EE6E2C027 /* Pods-POCUIKit.release.xcconfig */;
			buildSettings = {
				ASSETCATALOG_COMPILER_APPICON_NAME = AppIcon;
				ASSETCATALOG_COMPILER_GLOBAL_ACCENT_COLOR_NAME = AccentColor;
				CODE_SIGN_STYLE = Automatic;
				CURRENT_PROJECT_VERSION = 1;
				DEVELOPMENT_TEAM = L8VPXC87N5;
				ENABLE_USER_SCRIPT_SANDBOXING = NO;
				GENERATE_INFOPLIST_FILE = YES;
				INFOPLIST_FILE = POCUIKit/Info.plist;
				INFOPLIST_KEY_UIApplicationSupportsIndirectInputEvents = YES;
				INFOPLIST_KEY_UILaunchStoryboardName = LaunchScreen;
				INFOPLIST_KEY_UIMainStoryboardFile = Main;
				INFOPLIST_KEY_UISupportedInterfaceOrientations_iPad = "UIInterfaceOrientationPortrait UIInterfaceOrientationPortraitUpsideDown UIInterfaceOrientationLandscapeLeft UIInterfaceOrientationLandscapeRight";
				INFOPLIST_KEY_UISupportedInterfaceOrientations_iPhone = "UIInterfaceOrientationPortrait UIInterfaceOrientationLandscapeLeft UIInterfaceOrientationLandscapeRight";
				LD_RUNPATH_SEARCH_PATHS = (
					"$(inherited)",
					"@executable_path/Frameworks",
				);
				MARKETING_VERSION = 1.0;
				PRODUCT_BUNDLE_IDENTIFIER = "oneapp-designsystem-ios-UIKit.POCUIKit";
				PRODUCT_NAME = "$(TARGET_NAME)";
				SWIFT_EMIT_LOC_STRINGS = YES;
				SWIFT_VERSION = 5.0;
				TARGETED_DEVICE_FAMILY = "1,2";
			};
			name = Release;
		};
		521463AF2D37DF980052C22E /* Debug */ = {
			isa = XCBuildConfiguration;
			baseConfigurationReference = 1E963A1685D7253C982BBAA0 /* Pods-POCUIKitTests.debug.xcconfig */;
			buildSettings = {
				ALWAYS_EMBED_SWIFT_STANDARD_LIBRARIES = YES;
				BUNDLE_LOADER = "$(TEST_HOST)";
				CODE_SIGN_STYLE = Automatic;
				CURRENT_PROJECT_VERSION = 1;
				DEVELOPMENT_TEAM = L8VPXC87N5;
				GENERATE_INFOPLIST_FILE = YES;
				IPHONEOS_DEPLOYMENT_TARGET = 17.5;
				MARKETING_VERSION = 1.0;
				PRODUCT_BUNDLE_IDENTIFIER = "oneapp-designsystem-ios-UIKit.POCUIKitTests";
				PRODUCT_NAME = "$(TARGET_NAME)";
				SWIFT_EMIT_LOC_STRINGS = NO;
				SWIFT_VERSION = 5.0;
				TARGETED_DEVICE_FAMILY = "1,2";
				TEST_HOST = "$(BUILT_PRODUCTS_DIR)/POCUIKit.app/$(BUNDLE_EXECUTABLE_FOLDER_PATH)/POCUIKit";
			};
			name = Debug;
		};
		521463B02D37DF980052C22E /* Release */ = {
			isa = XCBuildConfiguration;
			baseConfigurationReference = 464E334F14B8E0D611621686 /* Pods-POCUIKitTests.release.xcconfig */;
			buildSettings = {
				ALWAYS_EMBED_SWIFT_STANDARD_LIBRARIES = YES;
				BUNDLE_LOADER = "$(TEST_HOST)";
				CODE_SIGN_STYLE = Automatic;
				CURRENT_PROJECT_VERSION = 1;
				DEVELOPMENT_TEAM = L8VPXC87N5;
				GENERATE_INFOPLIST_FILE = YES;
				IPHONEOS_DEPLOYMENT_TARGET = 17.5;
				MARKETING_VERSION = 1.0;
				PRODUCT_BUNDLE_IDENTIFIER = "oneapp-designsystem-ios-UIKit.POCUIKitTests";
				PRODUCT_NAME = "$(TARGET_NAME)";
				SWIFT_EMIT_LOC_STRINGS = NO;
				SWIFT_VERSION = 5.0;
				TARGETED_DEVICE_FAMILY = "1,2";
				TEST_HOST = "$(BUILT_PRODUCTS_DIR)/POCUIKit.app/$(BUNDLE_EXECUTABLE_FOLDER_PATH)/POCUIKit";
			};
			name = Release;
		};
		521463B22D37DF980052C22E /* Debug */ = {
			isa = XCBuildConfiguration;
			baseConfigurationReference = E24B1C1FFBED60243ED601FE /* Pods-POCUIKit-POCUIKitUITests.debug.xcconfig */;
			buildSettings = {
				ALWAYS_EMBED_SWIFT_STANDARD_LIBRARIES = YES;
				CODE_SIGN_STYLE = Automatic;
				CURRENT_PROJECT_VERSION = 1;
				DEVELOPMENT_TEAM = L8VPXC87N5;
				GENERATE_INFOPLIST_FILE = YES;
				MARKETING_VERSION = 1.0;
				PRODUCT_BUNDLE_IDENTIFIER = "oneapp-designsystem-ios-UIKit.POCUIKitUITests";
				PRODUCT_NAME = "$(TARGET_NAME)";
				SWIFT_EMIT_LOC_STRINGS = NO;
				SWIFT_VERSION = 5.0;
				TARGETED_DEVICE_FAMILY = "1,2";
				TEST_TARGET_NAME = POCUIKit;
			};
			name = Debug;
		};
		521463B32D37DF980052C22E /* Release */ = {
			isa = XCBuildConfiguration;
			baseConfigurationReference = E529967EFC80BAD7EB7A7398 /* Pods-POCUIKit-POCUIKitUITests.release.xcconfig */;
			buildSettings = {
				ALWAYS_EMBED_SWIFT_STANDARD_LIBRARIES = YES;
				CODE_SIGN_STYLE = Automatic;
				CURRENT_PROJECT_VERSION = 1;
				DEVELOPMENT_TEAM = L8VPXC87N5;
				GENERATE_INFOPLIST_FILE = YES;
				MARKETING_VERSION = 1.0;
				PRODUCT_BUNDLE_IDENTIFIER = "oneapp-designsystem-ios-UIKit.POCUIKitUITests";
				PRODUCT_NAME = "$(TARGET_NAME)";
				SWIFT_EMIT_LOC_STRINGS = NO;
				SWIFT_VERSION = 5.0;
				TARGETED_DEVICE_FAMILY = "1,2";
				TEST_TARGET_NAME = POCUIKit;
			};
			name = Release;
		};
		521463D12D37DFD20052C22E /* Debug */ = {
			isa = XCBuildConfiguration;
			baseConfigurationReference = 481128582CE7A8957F7148E0 /* Pods-POCUIKitApp.debug.xcconfig */;
			buildSettings = {
				BUILD_LIBRARY_FOR_DISTRIBUTION = YES;
				CODE_SIGN_STYLE = Automatic;
				CURRENT_PROJECT_VERSION = 1;
				DEFINES_MODULE = YES;
				DEVELOPMENT_TEAM = L8VPXC87N5;
				DYLIB_COMPATIBILITY_VERSION = 1;
				DYLIB_CURRENT_VERSION = 1;
				DYLIB_INSTALL_NAME_BASE = "@rpath";
				ENABLE_MODULE_VERIFIER = YES;
				GENERATE_INFOPLIST_FILE = YES;
				INFOPLIST_KEY_NSHumanReadableCopyright = "";
				INSTALL_PATH = "$(LOCAL_LIBRARY_DIR)/Frameworks";
				LD_RUNPATH_SEARCH_PATHS = (
					"$(inherited)",
					"@executable_path/Frameworks",
					"@loader_path/Frameworks",
				);
				MARKETING_VERSION = 1.0;
				MODULE_VERIFIER_SUPPORTED_LANGUAGES = "objective-c objective-c++";
				MODULE_VERIFIER_SUPPORTED_LANGUAGE_STANDARDS = "gnu17 gnu++20";
				PRODUCT_BUNDLE_IDENTIFIER = "oneapp-designsystem-ios-UIKit.POCUIKitApp";
				PRODUCT_NAME = "$(TARGET_NAME:c99extidentifier)";
				SKIP_INSTALL = YES;
				SWIFT_EMIT_LOC_STRINGS = YES;
				SWIFT_INSTALL_OBJC_HEADER = NO;
				SWIFT_VERSION = 5.0;
				TARGETED_DEVICE_FAMILY = "1,2";
				VERSIONING_SYSTEM = "apple-generic";
				VERSION_INFO_PREFIX = "";
			};
			name = Debug;
		};
		521463D22D37DFD20052C22E /* Release */ = {
			isa = XCBuildConfiguration;
			baseConfigurationReference = 0B2F46734B9B00332FDD6C8B /* Pods-POCUIKitApp.release.xcconfig */;
			buildSettings = {
				BUILD_LIBRARY_FOR_DISTRIBUTION = YES;
				CODE_SIGN_STYLE = Automatic;
				CURRENT_PROJECT_VERSION = 1;
				DEFINES_MODULE = YES;
				DEVELOPMENT_TEAM = L8VPXC87N5;
				DYLIB_COMPATIBILITY_VERSION = 1;
				DYLIB_CURRENT_VERSION = 1;
				DYLIB_INSTALL_NAME_BASE = "@rpath";
				ENABLE_MODULE_VERIFIER = YES;
				GENERATE_INFOPLIST_FILE = YES;
				INFOPLIST_KEY_NSHumanReadableCopyright = "";
				INSTALL_PATH = "$(LOCAL_LIBRARY_DIR)/Frameworks";
				LD_RUNPATH_SEARCH_PATHS = (
					"$(inherited)",
					"@executable_path/Frameworks",
					"@loader_path/Frameworks",
				);
				MARKETING_VERSION = 1.0;
				MODULE_VERIFIER_SUPPORTED_LANGUAGES = "objective-c objective-c++";
				MODULE_VERIFIER_SUPPORTED_LANGUAGE_STANDARDS = "gnu17 gnu++20";
				PRODUCT_BUNDLE_IDENTIFIER = "oneapp-designsystem-ios-UIKit.POCUIKitApp";
				PRODUCT_NAME = "$(TARGET_NAME:c99extidentifier)";
				SKIP_INSTALL = YES;
				SWIFT_EMIT_LOC_STRINGS = YES;
				SWIFT_INSTALL_OBJC_HEADER = NO;
				SWIFT_VERSION = 5.0;
				TARGETED_DEVICE_FAMILY = "1,2";
				VERSIONING_SYSTEM = "apple-generic";
				VERSION_INFO_PREFIX = "";
			};
			name = Release;
		};
		521463D52D37DFD20052C22E /* Debug */ = {
			isa = XCBuildConfiguration;
			baseConfigurationReference = 7546F51C962756ED2C6BC39B /* Pods-POCUIKitAppTests.debug.xcconfig */;
			buildSettings = {
				ALWAYS_EMBED_SWIFT_STANDARD_LIBRARIES = YES;
				CODE_SIGN_STYLE = Automatic;
				CURRENT_PROJECT_VERSION = 1;
				DEVELOPMENT_TEAM = ZDU63GUB32;
				ENABLE_USER_SCRIPT_SANDBOXING = NO;
				GENERATE_INFOPLIST_FILE = YES;
				MARKETING_VERSION = 1.0;
				PRODUCT_BUNDLE_IDENTIFIER = "oneapp-designsystem-ios-UIKit.POCUIKitAppTests";
				PRODUCT_NAME = "$(TARGET_NAME)";
				SWIFT_EMIT_LOC_STRINGS = NO;
				SWIFT_VERSION = 5.0;
				TARGETED_DEVICE_FAMILY = "1,2";
				TEST_HOST = "$(BUILT_PRODUCTS_DIR)/POCUIKit.app/$(BUNDLE_EXECUTABLE_FOLDER_PATH)/POCUIKit";
			};
			name = Debug;
		};
		521463D62D37DFD20052C22E /* Release */ = {
			isa = XCBuildConfiguration;
			baseConfigurationReference = 8940CAD015E8AE995E9E1FA9 /* Pods-POCUIKitAppTests.release.xcconfig */;
			buildSettings = {
				ALWAYS_EMBED_SWIFT_STANDARD_LIBRARIES = YES;
				CODE_SIGN_STYLE = Automatic;
				CURRENT_PROJECT_VERSION = 1;
				DEVELOPMENT_TEAM = ZDU63GUB32;
				ENABLE_USER_SCRIPT_SANDBOXING = NO;
				GENERATE_INFOPLIST_FILE = YES;
				MARKETING_VERSION = 1.0;
				PRODUCT_BUNDLE_IDENTIFIER = "oneapp-designsystem-ios-UIKit.POCUIKitAppTests";
				PRODUCT_NAME = "$(TARGET_NAME)";
				SWIFT_EMIT_LOC_STRINGS = NO;
				SWIFT_VERSION = 5.0;
				TARGETED_DEVICE_FAMILY = "1,2";
				TEST_HOST = "$(BUILT_PRODUCTS_DIR)/POCUIKit.app/$(BUNDLE_EXECUTABLE_FOLDER_PATH)/POCUIKit";
			};
			name = Release;
		};
/* End XCBuildConfiguration section */

/* Begin XCConfigurationList section */
		5214637C2D37DF970052C22E /* Build configuration list for PBXProject "POCUIKit" */ = {
			isa = XCConfigurationList;
			buildConfigurations = (
				521463A92D37DF980052C22E /* Debug */,
				521463AA2D37DF980052C22E /* Release */,
			);
			defaultConfigurationIsVisible = 0;
			defaultConfigurationName = Release;
		};
		521463AB2D37DF980052C22E /* Build configuration list for PBXNativeTarget "POCUIKit" */ = {
			isa = XCConfigurationList;
			buildConfigurations = (
				521463AC2D37DF980052C22E /* Debug */,
				521463AD2D37DF980052C22E /* Release */,
			);
			defaultConfigurationIsVisible = 0;
			defaultConfigurationName = Release;
		};
		521463AE2D37DF980052C22E /* Build configuration list for PBXNativeTarget "POCUIKitTests" */ = {
			isa = XCConfigurationList;
			buildConfigurations = (
				521463AF2D37DF980052C22E /* Debug */,
				521463B02D37DF980052C22E /* Release */,
			);
			defaultConfigurationIsVisible = 0;
			defaultConfigurationName = Release;
		};
		521463B12D37DF980052C22E /* Build configuration list for PBXNativeTarget "POCUIKitUITests" */ = {
			isa = XCConfigurationList;
			buildConfigurations = (
				521463B22D37DF980052C22E /* Debug */,
				521463B32D37DF980052C22E /* Release */,
			);
			defaultConfigurationIsVisible = 0;
			defaultConfigurationName = Release;
		};
		521463D02D37DFD20052C22E /* Build configuration list for PBXNativeTarget "POCUIKitApp" */ = {
			isa = XCConfigurationList;
			buildConfigurations = (
				521463D12D37DFD20052C22E /* Debug */,
				521463D22D37DFD20052C22E /* Release */,
			);
			defaultConfigurationIsVisible = 0;
			defaultConfigurationName = Release;
		};
		521463D42D37DFD20052C22E /* Build configuration list for PBXNativeTarget "POCUIKitAppTests" */ = {
			isa = XCConfigurationList;
			buildConfigurations = (
				521463D52D37DFD20052C22E /* Debug */,
				521463D62D37DFD20052C22E /* Release */,
			);
			defaultConfigurationIsVisible = 0;
			defaultConfigurationName = Release;
		};
/* End XCConfigurationList section */
	};
	rootObject = 521463792D37DF970052C22E /* Project object */;
}
